
Microsoft Visual Studio Solution File, Format Version 12.00
# Visual Studio 15
VisualStudioVersion = 15.0.28307.1209
MinimumVisualStudioVersion = 10.0.40219.1
Project("{FAE04EC0-301F-11D3-BF4B-00C04F79EFBC}") = "Polar.Charts", "Polar.Charts\Polar.Charts.csproj", "{ACBC0813-72EC-4088-A860-2AE0141E7727}"
EndProject
Global
	GlobalSection(SolutionConfigurationPlatforms) = preSolution
		Debug|Any CPU = Debug|Any CPU
		Release|Any CPU = Release|Any CPU
	EndGlobalSection
	GlobalSection(ProjectConfigurationPlatforms) = postSolution
		{ACBC0813-72EC-4088-A860-2AE0141E7727}.Debug|Any CPU.ActiveCfg = Debug|Any CPU
		{ACBC0813-72EC-4088-A860-2AE0141E7727}.Debug|Any CPU.Build.0 = Debug|Any CPU
		{ACBC0813-72EC-4088-A860-2AE0141E7727}.Release|Any CPU.ActiveCfg = Release|Any CPU
		{ACBC0813-72EC-4088-A860-2AE0141E7727}.Release|Any CPU.Build.0 = Release|Any CPU
	EndGlobalSection
	GlobalSection(SolutionProperties) = preSolution
		HideSolutionNode = FALSE
	EndGlobalSection
	GlobalSection(ExtensibilityGlobals) = postSolution
		SolutionGuid = {F3DBA96C-3D49-4562-91CF-A207089D9D6D}
	EndGlobalSection
EndGlobal
